
Microsoft Visual Studio Solution File, Format Version 12.00
# Visual Studio Version 16
VisualStudioVersion = 16.0.31729.503
MinimumVisualStudioVersion = 10.0.40219.1
Project("{FAE04EC0-301F-11D3-BF4B-00C04F79EFBC}") = "task 3", "task 3\task 3.csproj", "{8FF06ABB-C2ED-4AC1-988B-FD5FFD4FAE4E}"
EndProject
Global
	GlobalSection(SolutionConfigurationPlatforms) = preSolution
		Debug|Any CPU = Debug|Any CPU
		Release|Any CPU = Release|Any CPU
	EndGlobalSection
	GlobalSection(ProjectConfigurationPlatforms) = postSolution
		{8FF06ABB-C2ED-4AC1-988B-FD5FFD4FAE4E}.Debug|Any CPU.ActiveCfg = Debug|Any CPU
		{8FF06ABB-C2ED-4AC1-988B-FD5FFD4FAE4E}.Debug|Any CPU.Build.0 = Debug|Any CPU
		{8FF06ABB-C2ED-4AC1-988B-FD5FFD4FAE4E}.Release|Any CPU.ActiveCfg = Release|Any CPU
		{8FF06ABB-C2ED-4AC1-988B-FD5FFD4FAE4E}.Release|Any CPU.Build.0 = Release|Any CPU
	EndGlobalSection
	GlobalSection(SolutionProperties) = preSolution
		HideSolutionNode = FALSE
	EndGlobalSection
	GlobalSection(ExtensibilityGlobals) = postSolution
		SolutionGuid = {B16DA5C6-C0B2-49B1-B60C-AA716CFA31A7}
	EndGlobalSection
EndGlobal
